
Microsoft Visual Studio Solution File, Format Version 12.00
# Visual Studio Version 17
VisualStudioVersion = 17.13.35828.75 d17.13
MinimumVisualStudioVersion = 10.0.40219.1
Project("{FAE04EC0-301F-11D3-BF4B-00C04F79EFBC}") = "StartingRoleSelection", "StartingRoleSelection\StartingRoleSelection.csproj", "{80CA77B0-21BF-414A-962D-B26D2AF9BC24}"
EndProject
Global
	GlobalSection(SolutionConfigurationPlatforms) = preSolution
		Debug|Any CPU = Debug|Any CPU
		Release|Any CPU = Release|Any CPU
	EndGlobalSection
	GlobalSection(ProjectConfigurationPlatforms) = postSolution
		{80CA77B0-21BF-414A-962D-B26D2AF9BC24}.Debug|Any CPU.ActiveCfg = Debug|Any CPU
		{80CA77B0-21BF-414A-962D-B26D2AF9BC24}.Debug|Any CPU.Build.0 = Debug|Any CPU
		{80CA77B0-21BF-414A-962D-B26D2AF9BC24}.Release|Any CPU.ActiveCfg = Release|Any CPU
		{80CA77B0-21BF-414A-962D-B26D2AF9BC24}.Release|Any CPU.Build.0 = Release|Any CPU
	EndGlobalSection
	GlobalSection(SolutionProperties) = preSolution
		HideSolutionNode = FALSE
	EndGlobalSection
	GlobalSection(ExtensibilityGlobals) = postSolution
		SolutionGuid = {03E1107D-523A-488E-8A22-6B45696565F2}
	EndGlobalSection
EndGlobal
